{
  "lockfile_version": "1",
  "packages": {
    "github:NixOS/nixpkgs/nixpkgs-unstable": {
      "last_modified": "2026-01-19T00:39:23Z",
      "resolved": "github:NixOS/nixpkgs/bde09022887110deb780067364a0818e89258968?lastModified=1768783163"
    },
    "libiconv@latest": {
      "last_modified": "2025-12-31T03:27:36Z",
      "resolved": "github:NixOS/nixpkgs/f665af0cdb70ed27e1bd8f9fdfecaf451260fc55#libiconv",
      "source": "devbox-search",
      "version": "2.40",
      "systems": {
        "aarch64-linux": {
          "outputs": [
            {
              "name": "out",
              "path": "/nix/store/zhx038n0mi8imz8im5k30z7c4zkss1wn-glibc-iconv-2.40",
              "default": true
            }
          ],
          "store_path": "/nix/store/zhx038n0mi8imz8im5k30z7c4zkss1wn-glibc-iconv-2.40"
        },
        "x86_64-linux": {
          "outputs": [
            {
              "name": "out",
              "path": "/nix/store/yxi1pmrgn8vsrrncz6pdlxhr5lsc3ysr-glibc-iconv-2.40",
              "default": true
            }
          ],
          "store_path": "/nix/store/yxi1pmrgn8vsrrncz6pdlxhr5lsc3ysr-glibc-iconv-2.40"
        }
      }
    },
    "nodejs@22": {
      "last_modified": "2026-01-14T04:14:06Z",
      "plugin_version": "0.0.2",
      "resolved": "github:NixOS/nixpkgs/ea30586ee015f37f38783006a9bc9e4aa64d7d61#nodejs_22",
      "source": "devbox-search",
      "version": "22.22.0",
      "systems": {
        "aarch64-darwin": {
          "outputs": [
            {
              "name": "out",
              "path": "/nix/store/7rgrqwip7bkn9d0y6x9iif8mgbikl5cv-nodejs-22.22.0",
              "default": true
            },
            {
              "name": "dev",
              "path": "/nix/store/j7h8k39id2wb8fbz9ax91mi63dg06k10-nodejs-22.22.0-dev"
            },
            {
              "name": "libv8",
              "path": "/nix/store/q7618l77mxsypv872z7w90dpnchkz1sm-nodejs-22.22.0-libv8"
            }
          ],
          "store_path": "/nix/store/7rgrqwip7bkn9d0y6x9iif8mgbikl5cv-nodejs-22.22.0"
        },
        "aarch64-linux": {
          "outputs": [
            {
              "name": "out",
              "path": "/nix/store/7i0syr6kw3bz87hqpngkwp0zkzsdd7h9-nodejs-22.22.0",
              "default": true
            },
            {
              "name": "dev",
              "path": "/nix/store/s9anwghh9cjd1bldwqvas3vb6k5msi6a-nodejs-22.22.0-dev"
            },
            {
              "name": "libv8",
              "path": "/nix/store/aq9apnfyvdgf6q84c1f2sl94mdvwbbwr-nodejs-22.22.0-libv8"
            }
          ],
          "store_path": "/nix/store/7i0syr6kw3bz87hqpngkwp0zkzsdd7h9-nodejs-22.22.0"
        },
        "x86_64-darwin": {
          "outputs": [
            {
              "name": "out",
              "path": "/nix/store/cws429hrqc4c04m3g4c4nl0k881i984w-nodejs-22.22.0",
              "default": true
            },
            {
              "name": "dev",
              "path": "/nix/store/dmw051cm6g9xadv6rd3sr98aph2k5h2d-nodejs-22.22.0-dev"
            },
            {
              "name": "libv8",
              "path": "/nix/store/jn4izxmibz80cv3rssapf4by3x6491wr-nodejs-22.22.0-libv8"
            }
          ],
          "store_path": "/nix/store/cws429hrqc4c04m3g4c4nl0k881i984w-nodejs-22.22.0"
        },
        "x86_64-linux": {
          "outputs": [
            {
              "name": "out",
              "path": "/nix/store/bf45nflf0wylnscwwa2xgliib91x226l-nodejs-22.22.0",
              "default": true
            },
            {
              "name": "dev",
              "path": "/nix/store/7mmihld0lbixr6rflgxnbcihhnw5mqi3-nodejs-22.22.0-dev"
            },
            {
              "name": "libv8",
              "path": "/nix/store/39gb2qhbkm125jsklm5z53ldraszj3ps-nodejs-22.22.0-libv8"
            }
          ],
          "store_path": "/nix/store/bf45nflf0wylnscwwa2xgliib91x226l-nodejs-22.22.0"
        }
      }
    },
    "pnpm@latest": {
      "last_modified": "2025-12-31T03:27:36Z",
      "resolved": "github:NixOS/nixpkgs/f665af0cdb70ed27e1bd8f9fdfecaf451260fc55#pnpm",
      "source": "devbox-search",
      "version": "10.26.1",
      "systems": {
        "aarch64-darwin": {
          "outputs": [
            {
              "name": "out",
              "path": "/nix/store/bixq2sgnl5gmjyslfsmnaijl7bn08p9z-pnpm-10.26.1",
              "default": true
            }
          ],
          "store_path": "/nix/store/bixq2sgnl5gmjyslfsmnaijl7bn08p9z-pnpm-10.26.1"
        },
        "aarch64-linux": {
          "outputs": [
            {
              "name": "out",
              "path": "/nix/store/ss5hrp8zgm7jmr1fd0yd2z9sk1whbs2b-pnpm-10.26.1",
              "default": true
            }
          ],
          "store_path": "/nix/store/ss5hrp8zgm7jmr1fd0yd2z9sk1whbs2b-pnpm-10.26.1"
        },
        "x86_64-darwin": {
          "outputs": [
            {
              "name": "out",
              "path": "/nix/store/yx8yh8m92cxdszxka9sa9kvy26jksg69-pnpm-10.26.1",
              "default": true
            }
          ],
          "store_path": "/nix/store/yx8yh8m92cxdszxka9sa9kvy26jksg69-pnpm-10.26.1"
        },
        "x86_64-linux": {
          "outputs": [
            {
              "name": "out",
              "path": "/nix/store/61lr9izijvg30pcribjdxgjxvh3bysp4-pnpm-10.26.1",
              "default": true
            }
          ],
          "store_path": "/nix/store/61lr9izijvg30pcribjdxgjxvh3bysp4-pnpm-10.26.1"
        }
      }
    },
    "rustup@latest": {
      "last_modified": "2025-12-31T03:27:36Z",
      "plugin_version": "0.0.1",
      "resolved": "github:NixOS/nixpkgs/f665af0cdb70ed27e1bd8f9fdfecaf451260fc55#rustup",
      "source": "devbox-search",
      "version": "1.28.2",
      "systems": {
        "aarch64-darwin": {
          "outputs": [
            {
              "name": "out",
              "path": "/nix/store/v0cfpbl35r8y950rx1l17xs8i09pjq1b-rustup-1.28.2",
              "default": true
            }
          ],
          "store_path": "/nix/store/v0cfpbl35r8y950rx1l17xs8i09pjq1b-rustup-1.28.2"
        },
        "aarch64-linux": {
          "outputs": [
            {
              "name": "out",
              "path": "/nix/store/rfi35nzh27wx48v3chbxl7kwp0cyfaab-rustup-1.28.2",
              "default": true
            }
          ],
          "store_path": "/nix/store/rfi35nzh27wx48v3chbxl7kwp0cyfaab-rustup-1.28.2"
        },
        "x86_64-darwin": {
          "outputs": [
            {
              "name": "out",
              "path": "/nix/store/60xn8pb5myf7kddr1wg7q0fpr0g2fl2y-rustup-1.28.2",
              "default": true
            }
          ],
          "store_path": "/nix/store/60xn8pb5myf7kddr1wg7q0fpr0g2fl2y-rustup-1.28.2"
        },
        "x86_64-linux": {
          "outputs": [
            {
              "name": "out",
              "path": "/nix/store/w3hyqp287l6j790wn81x8chj5bcb69wb-rustup-1.28.2",
              "default": true
            }
          ],
          "store_path": "/nix/store/w3hyqp287l6j790wn81x8chj5bcb69wb-rustup-1.28.2"
        }
      }
    }
  }
}
